
Microsoft Visual Studio Solution File, Format Version 12.00
# Visual Studio 2012
Project("{FAE04EC0-301F-11D3-BF4B-00C04F79EFBC}") = "ModelErrorVisualizer", "ModelErrorVisualizer\ModelErrorVisualizer.csproj", "{B1DC4F90-0390-4DA9-B9AC-588DB55B9299}"
EndProject
Project("{FAE04EC0-301F-11D3-BF4B-00C04F79EFBC}") = "TestProject", "MvcApplication2\TestProject.csproj", "{A22F4082-4B1F-41F5-AF1C-7E6FD1413CE7}"
EndProject
Global
	GlobalSection(SolutionConfigurationPlatforms) = preSolution
		Debug|Any CPU = Debug|Any CPU
		Debug|Mixed Platforms = Debug|Mixed Platforms
		Debug|x86 = Debug|x86
		Release|Any CPU = Release|Any CPU
		Release|Mixed Platforms = Release|Mixed Platforms
		Release|x86 = Release|x86
	EndGlobalSection
	GlobalSection(ProjectConfigurationPlatforms) = postSolution
		{A22F4082-4B1F-41F5-AF1C-7E6FD1413CE7}.Debug|Any CPU.ActiveCfg = Debug|Any CPU
		{A22F4082-4B1F-41F5-AF1C-7E6FD1413CE7}.Debug|Any CPU.Build.0 = Debug|Any CPU
		{A22F4082-4B1F-41F5-AF1C-7E6FD1413CE7}.Debug|Mixed Platforms.ActiveCfg = Debug|Any CPU
		{A22F4082-4B1F-41F5-AF1C-7E6FD1413CE7}.Debug|Mixed Platforms.Build.0 = Debug|Any CPU
		{A22F4082-4B1F-41F5-AF1C-7E6FD1413CE7}.Debug|x86.ActiveCfg = Debug|Any CPU
		{A22F4082-4B1F-41F5-AF1C-7E6FD1413CE7}.Release|Any CPU.ActiveCfg = Release|Any CPU
		{A22F4082-4B1F-41F5-AF1C-7E6FD1413CE7}.Release|Any CPU.Build.0 = Release|Any CPU
		{A22F4082-4B1F-41F5-AF1C-7E6FD1413CE7}.Release|Mixed Platforms.ActiveCfg = Release|Any CPU
		{A22F4082-4B1F-41F5-AF1C-7E6FD1413CE7}.Release|Mixed Platforms.Build.0 = Release|Any CPU
		{A22F4082-4B1F-41F5-AF1C-7E6FD1413CE7}.Release|x86.ActiveCfg = Release|Any CPU
		{B1DC4F90-0390-4DA9-B9AC-588DB55B9299}.Debug|Any CPU.ActiveCfg = Debug|Any CPU
		{B1DC4F90-0390-4DA9-B9AC-588DB55B9299}.Debug|Any CPU.Build.0 = Debug|Any CPU
		{B1DC4F90-0390-4DA9-B9AC-588DB55B9299}.Debug|Mixed Platforms.ActiveCfg = Debug|Any CPU
		{B1DC4F90-0390-4DA9-B9AC-588DB55B9299}.Debug|Mixed Platforms.Build.0 = Debug|Any CPU
		{B1DC4F90-0390-4DA9-B9AC-588DB55B9299}.Debug|x86.ActiveCfg = Debug|Any CPU
		{B1DC4F90-0390-4DA9-B9AC-588DB55B9299}.Release|Any CPU.ActiveCfg = Release|Any CPU
		{B1DC4F90-0390-4DA9-B9AC-588DB55B9299}.Release|Any CPU.Build.0 = Release|Any CPU
		{B1DC4F90-0390-4DA9-B9AC-588DB55B9299}.Release|Mixed Platforms.ActiveCfg = Release|Any CPU
		{B1DC4F90-0390-4DA9-B9AC-588DB55B9299}.Release|Mixed Platforms.Build.0 = Release|Any CPU
		{B1DC4F90-0390-4DA9-B9AC-588DB55B9299}.Release|x86.ActiveCfg = Release|Any CPU
	EndGlobalSection
	GlobalSection(SolutionProperties) = preSolution
		HideSolutionNode = FALSE
	EndGlobalSection
EndGlobal
